
Microsoft Visual Studio Solution File, Format Version 12.00
# Visual Studio 15
VisualStudioVersion = 15.0.28307.489
MinimumVisualStudioVersion = 10.0.40219.1
Project("{9A19103F-16F7-4668-BE54-9A1E7A4F7556}") = "dcokerSample", "dcokerSample\dcokerSample.csproj", "{E67E80AF-45FA-4C7D-AAFC-7EEEE44E7956}"
EndProject
Project("{E53339B2-1760-4266-BCC7-CA923CBCF16C}") = "docker-compose", "docker-compose.dcproj", "{98FD96B9-9311-4896-917F-94EAF76AEE4A}"
EndProject
Project("{2150E333-8FDC-42A3-9474-1A3956D46DE8}") = "Solution Items", "Solution Items", "{FF39C9C9-5EF1-468C-8B4A-F9EED496D773}"
EndProject
Global
	GlobalSection(SolutionConfigurationPlatforms) = preSolution
		Debug|Any CPU = Debug|Any CPU
		Release|Any CPU = Release|Any CPU
	EndGlobalSection
	GlobalSection(ProjectConfigurationPlatforms) = postSolution
		{E67E80AF-45FA-4C7D-AAFC-7EEEE44E7956}.Debug|Any CPU.ActiveCfg = Debug|Any CPU
		{E67E80AF-45FA-4C7D-AAFC-7EEEE44E7956}.Debug|Any CPU.Build.0 = Debug|Any CPU
		{E67E80AF-45FA-4C7D-AAFC-7EEEE44E7956}.Release|Any CPU.ActiveCfg = Release|Any CPU
		{E67E80AF-45FA-4C7D-AAFC-7EEEE44E7956}.Release|Any CPU.Build.0 = Release|Any CPU
		{98FD96B9-9311-4896-917F-94EAF76AEE4A}.Debug|Any CPU.ActiveCfg = Debug|Any CPU
		{98FD96B9-9311-4896-917F-94EAF76AEE4A}.Debug|Any CPU.Build.0 = Debug|Any CPU
		{98FD96B9-9311-4896-917F-94EAF76AEE4A}.Release|Any CPU.ActiveCfg = Release|Any CPU
		{98FD96B9-9311-4896-917F-94EAF76AEE4A}.Release|Any CPU.Build.0 = Release|Any CPU
	EndGlobalSection
	GlobalSection(SolutionProperties) = preSolution
		HideSolutionNode = FALSE
	EndGlobalSection
	GlobalSection(ExtensibilityGlobals) = postSolution
		SolutionGuid = {E85C3668-64FA-45A6-81E3-1146AF2F1F1E}
	EndGlobalSection
EndGlobal
